// !$*UTF8*$!
{
	archiveVersion = 1;
	classes = {
	};
	objectVersion = 46;
	objects = {

/* Begin PBXGroup section */
		856EAF2218B5BDEA00DAC887 = {
			isa = PBXGroup;
			children = (
			);
			sourceTree = "<group>";
		};
/* End PBXGroup section */

/* Begin PBXProject section */
		856EAF2318B5BDEA00DAC887 /* Project object */ = {
			isa = PBXProject;
			attributes = {
				LastUpgradeCheck = 0500;
			};
			buildConfigurationList = 856EAF2618B5BDEA00DAC887 /* Build configuration list for PBXProject "Potter" */;
			compatibilityVersion = "Xcode 3.2";
			developmentRegion = English;
			hasScannedForEncodings = 0;
			knownRegions = (
				en,
			);
			mainGroup = 856EAF2218B5BDEA00DAC887;
			projectDirPath = "";
			projectRoot = "";
			targets = (
			);
		};
/* End PBXProject section */

/* Begin XCBuildConfiguration section */
		856EAF2718B5BDEA00DAC887 /* Debug */ = {
			isa = XCBuildConfiguration;
			buildSettings = {
			};
			name = Debug;
		};
		856EAF2818B5BDEA00DAC887 /* Release */ = {
			isa = XCBuildConfiguration;
			buildSettings = {
			};
			name = Release;
		};
/* End XCBuildConfiguration section */

/* Begin XCConfigurationList section */
		856EAF2618B5BDEA00DAC887 /* Build configuration list for PBXProject "Potter" */ = {
			isa = XCConfigurationList;
			buildConfigurations = (
				856EAF2718B5BDEA00DAC887 /* Debug */,
				856EAF2818B5BDEA00DAC887 /* Release */,
			);
			defaultConfigurationIsVisible = 0;
			defaultConfigurationName = Release;
		};
/* End XCConfigurationList section */
	};
	rootObject = 856EAF2318B5BDEA00DAC887 /* Project object */;
}
